
Microsoft Visual Studio Solution File, Format Version 12.00
# Visual Studio Version 16
VisualStudioVersion = 16.0.28803.156
MinimumVisualStudioVersion = 10.0.40219.1
Project("{FAE04EC0-301F-11D3-BF4B-00C04F79EFBC}") = "ClassifierAlgorithms.GUI", "ClassifierAlgorithms.GUI\ClassifierAlgorithms.GUI.csproj", "{34AE258F-C271-4B66-9FA0-8CD73BFBED50}"
EndProject
Project("{FAE04EC0-301F-11D3-BF4B-00C04F79EFBC}") = "ClassifierAlgorithms.Core", "ClassifierAlgorithms.Core\ClassifierAlgorithms.Core.csproj", "{C3325ACB-CDC7-442F-B553-F83341552609}"
EndProject
Global
	GlobalSection(SolutionConfigurationPlatforms) = preSolution
		Debug|Any CPU = Debug|Any CPU
		Release|Any CPU = Release|Any CPU
	EndGlobalSection
	GlobalSection(ProjectConfigurationPlatforms) = postSolution
		{34AE258F-C271-4B66-9FA0-8CD73BFBED50}.Debug|Any CPU.ActiveCfg = Debug|Any CPU
		{34AE258F-C271-4B66-9FA0-8CD73BFBED50}.Debug|Any CPU.Build.0 = Debug|Any CPU
		{34AE258F-C271-4B66-9FA0-8CD73BFBED50}.Release|Any CPU.ActiveCfg = Release|Any CPU
		{34AE258F-C271-4B66-9FA0-8CD73BFBED50}.Release|Any CPU.Build.0 = Release|Any CPU
		{C3325ACB-CDC7-442F-B553-F83341552609}.Debug|Any CPU.ActiveCfg = Debug|Any CPU
		{C3325ACB-CDC7-442F-B553-F83341552609}.Debug|Any CPU.Build.0 = Debug|Any CPU
		{C3325ACB-CDC7-442F-B553-F83341552609}.Release|Any CPU.ActiveCfg = Release|Any CPU
		{C3325ACB-CDC7-442F-B553-F83341552609}.Release|Any CPU.Build.0 = Release|Any CPU
	EndGlobalSection
	GlobalSection(SolutionProperties) = preSolution
		HideSolutionNode = FALSE
	EndGlobalSection
	GlobalSection(ExtensibilityGlobals) = postSolution
		SolutionGuid = {1D0AC7CE-0ADC-4E6E-8408-AE5388130A10}
	EndGlobalSection
EndGlobal
